
Microsoft Visual Studio Solution File, Format Version 12.00
# Visual Studio Version 16
VisualStudioVersion = 16.0.29911.84
MinimumVisualStudioVersion = 10.0.40219.1
Project("{F14B399A-7131-4C87-9E4B-1186C45EF12D}") = "SwissBillReport", "SwissBillReport.rptproj", "{4706E004-2BBA-4AF2-8DD0-45D3F097ECA5}"
EndProject
Global
	GlobalSection(SolutionConfigurationPlatforms) = preSolution
		Debug|Default = Debug|Default
		DebugLocal|Default = DebugLocal|Default
		Release|Default = Release|Default
	EndGlobalSection
	GlobalSection(ProjectConfigurationPlatforms) = postSolution
		{4706E004-2BBA-4AF2-8DD0-45D3F097ECA5}.Debug|Default.ActiveCfg = Debug
		{4706E004-2BBA-4AF2-8DD0-45D3F097ECA5}.Debug|Default.Build.0 = Debug
		{4706E004-2BBA-4AF2-8DD0-45D3F097ECA5}.Debug|Default.Deploy.0 = Debug
		{4706E004-2BBA-4AF2-8DD0-45D3F097ECA5}.DebugLocal|Default.ActiveCfg = DebugLocal
		{4706E004-2BBA-4AF2-8DD0-45D3F097ECA5}.DebugLocal|Default.Build.0 = DebugLocal
		{4706E004-2BBA-4AF2-8DD0-45D3F097ECA5}.Release|Default.ActiveCfg = Release
		{4706E004-2BBA-4AF2-8DD0-45D3F097ECA5}.Release|Default.Build.0 = Release
		{4706E004-2BBA-4AF2-8DD0-45D3F097ECA5}.Release|Default.Deploy.0 = Release
	EndGlobalSection
	GlobalSection(SolutionProperties) = preSolution
		HideSolutionNode = FALSE
	EndGlobalSection
	GlobalSection(ExtensibilityGlobals) = postSolution
		SolutionGuid = {C93AA76B-EDC5-499E-8A8B-E27B32EE7196}
	EndGlobalSection
EndGlobal
